
Microsoft Visual Studio Solution File, Format Version 12.00
# Visual Studio Version 16
VisualStudioVersion = 16.0.29209.152
MinimumVisualStudioVersion = 10.0.40219.1
Project("{FAE04EC0-301F-11D3-BF4B-00C04F79EFBC}") = "CellEditTemplate", "CellEditTemplate\CellEditTemplate.csproj", "{57F9B744-9FC8-47C4-9534-F0BD1C1EEC12}"
EndProject
Global
	GlobalSection(SolutionConfigurationPlatforms) = preSolution
		Debug|Any CPU = Debug|Any CPU
		Release|Any CPU = Release|Any CPU
	EndGlobalSection
	GlobalSection(ProjectConfigurationPlatforms) = postSolution
		{57F9B744-9FC8-47C4-9534-F0BD1C1EEC12}.Debug|Any CPU.ActiveCfg = Debug|Any CPU
		{57F9B744-9FC8-47C4-9534-F0BD1C1EEC12}.Debug|Any CPU.Build.0 = Debug|Any CPU
		{57F9B744-9FC8-47C4-9534-F0BD1C1EEC12}.Release|Any CPU.ActiveCfg = Release|Any CPU
		{57F9B744-9FC8-47C4-9534-F0BD1C1EEC12}.Release|Any CPU.Build.0 = Release|Any CPU
	EndGlobalSection
	GlobalSection(SolutionProperties) = preSolution
		HideSolutionNode = FALSE
	EndGlobalSection
	GlobalSection(ExtensibilityGlobals) = postSolution
		SolutionGuid = {081D03D7-8B99-4A2C-8B87-B8CCF0A474A3}
	EndGlobalSection
EndGlobal
